
Microsoft Visual Studio Solution File, Format Version 12.00
# Visual Studio 15
VisualStudioVersion = 15.0.27428.1
MinimumVisualStudioVersion = 10.0.40219.1
Project("{8BC9CEB8-8B4A-11D0-8D11-00A0C91BC942}") = "Full_Project", "Full_Project\Full_Project.vcxproj", "{625D0B04-B877-4A12-9E2F-CE5B3A6D1833}"
EndProject
Global
	GlobalSection(SolutionConfigurationPlatforms) = preSolution
		Debug|x64 = Debug|x64
		Debug|x86 = Debug|x86
		Release|x64 = Release|x64
		Release|x86 = Release|x86
	EndGlobalSection
	GlobalSection(ProjectConfigurationPlatforms) = postSolution
		{625D0B04-B877-4A12-9E2F-CE5B3A6D1833}.Debug|x64.ActiveCfg = Debug|x64
		{625D0B04-B877-4A12-9E2F-CE5B3A6D1833}.Debug|x64.Build.0 = Debug|x64
		{625D0B04-B877-4A12-9E2F-CE5B3A6D1833}.Debug|x86.ActiveCfg = Debug|Win32
		{625D0B04-B877-4A12-9E2F-CE5B3A6D1833}.Debug|x86.Build.0 = Debug|Win32
		{625D0B04-B877-4A12-9E2F-CE5B3A6D1833}.Release|x64.ActiveCfg = Release|x64
		{625D0B04-B877-4A12-9E2F-CE5B3A6D1833}.Release|x64.Build.0 = Release|x64
		{625D0B04-B877-4A12-9E2F-CE5B3A6D1833}.Release|x86.ActiveCfg = Release|Win32
		{625D0B04-B877-4A12-9E2F-CE5B3A6D1833}.Release|x86.Build.0 = Release|Win32
	EndGlobalSection
	GlobalSection(SolutionProperties) = preSolution
		HideSolutionNode = FALSE
	EndGlobalSection
	GlobalSection(ExtensibilityGlobals) = postSolution
		SolutionGuid = {BFE422D6-22CE-4514-BCDE-37323BA2FCA8}
	EndGlobalSection
EndGlobal
